
Microsoft Visual Studio Solution File, Format Version 12.00
# Visual Studio Version 17
VisualStudioVersion = 17.8.34511.84
MinimumVisualStudioVersion = 10.0.40219.1
Project("{FAE04EC0-301F-11D3-BF4B-00C04F79EFBC}") = "noku", "noku\noku.csproj", "{9B70ED46-7940-4BA9-BE0F-9B3CAEAD25D8}"
EndProject
Global
	GlobalSection(SolutionConfigurationPlatforms) = preSolution
		Debug|Any CPU = Debug|Any CPU
		Release|Any CPU = Release|Any CPU
	EndGlobalSection
	GlobalSection(ProjectConfigurationPlatforms) = postSolution
		{9B70ED46-7940-4BA9-BE0F-9B3CAEAD25D8}.Debug|Any CPU.ActiveCfg = Debug|Any CPU
		{9B70ED46-7940-4BA9-BE0F-9B3CAEAD25D8}.Debug|Any CPU.Build.0 = Debug|Any CPU
		{9B70ED46-7940-4BA9-BE0F-9B3CAEAD25D8}.Release|Any CPU.ActiveCfg = Release|Any CPU
		{9B70ED46-7940-4BA9-BE0F-9B3CAEAD25D8}.Release|Any CPU.Build.0 = Release|Any CPU
	EndGlobalSection
	GlobalSection(SolutionProperties) = preSolution
		HideSolutionNode = FALSE
	EndGlobalSection
	GlobalSection(ExtensibilityGlobals) = postSolution
		SolutionGuid = {9786DEB9-0044-4595-AD03-42E425FCDFAD}
	EndGlobalSection
EndGlobal
